
Microsoft Visual Studio Solution File, Format Version 12.00
# Visual Studio Version 17
VisualStudioVersion = 17.1.32319.34
MinimumVisualStudioVersion = 10.0.40219.1
Project("{FAE04EC0-301F-11D3-BF4B-00C04F79EFBC}") = "LaConsola1", "LaConsola1\LaConsola1.csproj", "{CCF8D0DF-01D1-4BB5-81E2-3BDC4F8AE1B8}"
EndProject
Global
	GlobalSection(SolutionConfigurationPlatforms) = preSolution
		Debug|Any CPU = Debug|Any CPU
		Release|Any CPU = Release|Any CPU
	EndGlobalSection
	GlobalSection(ProjectConfigurationPlatforms) = postSolution
		{CCF8D0DF-01D1-4BB5-81E2-3BDC4F8AE1B8}.Debug|Any CPU.ActiveCfg = Debug|Any CPU
		{CCF8D0DF-01D1-4BB5-81E2-3BDC4F8AE1B8}.Debug|Any CPU.Build.0 = Debug|Any CPU
		{CCF8D0DF-01D1-4BB5-81E2-3BDC4F8AE1B8}.Release|Any CPU.ActiveCfg = Release|Any CPU
		{CCF8D0DF-01D1-4BB5-81E2-3BDC4F8AE1B8}.Release|Any CPU.Build.0 = Release|Any CPU
	EndGlobalSection
	GlobalSection(SolutionProperties) = preSolution
		HideSolutionNode = FALSE
	EndGlobalSection
	GlobalSection(ExtensibilityGlobals) = postSolution
		SolutionGuid = {2D6FB818-0E2D-4FF4-937E-883604991204}
	EndGlobalSection
EndGlobal
